
Microsoft Visual Studio Solution File, Format Version 12.00
# Visual Studio Version 16
VisualStudioVersion = 16.0.29230.47
MinimumVisualStudioVersion = 10.0.40219.1
Project("{FAE04EC0-301F-11D3-BF4B-00C04F79EFBC}") = "RecTracUITests", "RecTracSelenium\RecTracUITests.csproj", "{8F4070BE-D094-4E4B-9633-83F91A96AC15}"
EndProject
Project("{FAE04EC0-301F-11D3-BF4B-00C04F79EFBC}") = "RecTracPom", "RecTracPom\RecTracPom.csproj", "{43C7B883-284B-41FC-AF2C-07CE8557B794}"
EndProject
Project("{FAE04EC0-301F-11D3-BF4B-00C04F79EFBC}") = "RecTracActions", "RecTracActions\RecTracActions.csproj", "{F2A472D6-1AEC-41EC-BCC1-25291A0EFB70}"
EndProject
Project("{FAE04EC0-301F-11D3-BF4B-00C04F79EFBC}") = "WebTracPom", "WebTracPom\WebTracPom.csproj", "{485F9A56-1FB9-4F6C-8062-B9684254D614}"
EndProject
Global
	GlobalSection(SolutionConfigurationPlatforms) = preSolution
		Debug|Any CPU = Debug|Any CPU
		Release|Any CPU = Release|Any CPU
	EndGlobalSection
	GlobalSection(ProjectConfigurationPlatforms) = postSolution
		{8F4070BE-D094-4E4B-9633-83F91A96AC15}.Debug|Any CPU.ActiveCfg = Debug|Any CPU
		{8F4070BE-D094-4E4B-9633-83F91A96AC15}.Debug|Any CPU.Build.0 = Debug|Any CPU
		{8F4070BE-D094-4E4B-9633-83F91A96AC15}.Release|Any CPU.ActiveCfg = Release|Any CPU
		{8F4070BE-D094-4E4B-9633-83F91A96AC15}.Release|Any CPU.Build.0 = Release|Any CPU
		{43C7B883-284B-41FC-AF2C-07CE8557B794}.Debug|Any CPU.ActiveCfg = Debug|Any CPU
		{43C7B883-284B-41FC-AF2C-07CE8557B794}.Debug|Any CPU.Build.0 = Debug|Any CPU
		{43C7B883-284B-41FC-AF2C-07CE8557B794}.Release|Any CPU.ActiveCfg = Release|Any CPU
		{43C7B883-284B-41FC-AF2C-07CE8557B794}.Release|Any CPU.Build.0 = Release|Any CPU
		{F2A472D6-1AEC-41EC-BCC1-25291A0EFB70}.Debug|Any CPU.ActiveCfg = Debug|Any CPU
		{F2A472D6-1AEC-41EC-BCC1-25291A0EFB70}.Debug|Any CPU.Build.0 = Debug|Any CPU
		{F2A472D6-1AEC-41EC-BCC1-25291A0EFB70}.Release|Any CPU.ActiveCfg = Release|Any CPU
		{F2A472D6-1AEC-41EC-BCC1-25291A0EFB70}.Release|Any CPU.Build.0 = Release|Any CPU
		{485F9A56-1FB9-4F6C-8062-B9684254D614}.Debug|Any CPU.ActiveCfg = Debug|Any CPU
		{485F9A56-1FB9-4F6C-8062-B9684254D614}.Debug|Any CPU.Build.0 = Debug|Any CPU
		{485F9A56-1FB9-4F6C-8062-B9684254D614}.Release|Any CPU.ActiveCfg = Release|Any CPU
		{485F9A56-1FB9-4F6C-8062-B9684254D614}.Release|Any CPU.Build.0 = Release|Any CPU
	EndGlobalSection
	GlobalSection(SolutionProperties) = preSolution
		HideSolutionNode = FALSE
	EndGlobalSection
	GlobalSection(ExtensibilityGlobals) = postSolution
		SolutionGuid = {E83C9D99-6C4A-47C5-A12D-A5E0B461A1A6}
	EndGlobalSection
EndGlobal
